
Microsoft Visual Studio Solution File, Format Version 12.00
# Visual Studio Version 16
VisualStudioVersion = 16.0.31624.102
MinimumVisualStudioVersion = 10.0.40219.1
Project("{8BC9CEB8-8B4A-11D0-8D11-00A0C91BC942}") = "Test_Leds", "Test_Leds\Test_Leds.vcxproj", "{DA955B08-7193-4CE7-AFAD-45C8DB123EDD}"
EndProject
Global
	GlobalSection(SolutionConfigurationPlatforms) = preSolution
		Debug|x64 = Debug|x64
		Debug|x86 = Debug|x86
		Release|x64 = Release|x64
		Release|x86 = Release|x86
	EndGlobalSection
	GlobalSection(ProjectConfigurationPlatforms) = postSolution
		{DA955B08-7193-4CE7-AFAD-45C8DB123EDD}.Debug|x64.ActiveCfg = Debug|x64
		{DA955B08-7193-4CE7-AFAD-45C8DB123EDD}.Debug|x64.Build.0 = Debug|x64
		{DA955B08-7193-4CE7-AFAD-45C8DB123EDD}.Debug|x86.ActiveCfg = Debug|Win32
		{DA955B08-7193-4CE7-AFAD-45C8DB123EDD}.Debug|x86.Build.0 = Debug|Win32
		{DA955B08-7193-4CE7-AFAD-45C8DB123EDD}.Release|x64.ActiveCfg = Release|x64
		{DA955B08-7193-4CE7-AFAD-45C8DB123EDD}.Release|x64.Build.0 = Release|x64
		{DA955B08-7193-4CE7-AFAD-45C8DB123EDD}.Release|x86.ActiveCfg = Release|Win32
		{DA955B08-7193-4CE7-AFAD-45C8DB123EDD}.Release|x86.Build.0 = Release|Win32
	EndGlobalSection
	GlobalSection(SolutionProperties) = preSolution
		HideSolutionNode = FALSE
	EndGlobalSection
	GlobalSection(ExtensibilityGlobals) = postSolution
		SolutionGuid = {D3588824-5473-42A0-94C5-494A967BC131}
	EndGlobalSection
EndGlobal
